// !$*UTF8*$!
{
	archiveVersion = 1;
	classes = {
	};
	objectVersion = 46;
	objects = {

/* Begin PBXBuildFile section */
		DB28370F1C84C77100694791 /* AppDelegate.swift in Sources */ = {isa = PBXBuildFile; fileRef = DB28370E1C84C77100694791 /* AppDelegate.swift */; };
		DB2837111C84C77100694791 /* ViewController.swift in Sources */ = {isa = PBXBuildFile; fileRef = DB2837101C84C77100694791 /* ViewController.swift */; };
		DB2837141C84C77100694791 /* Main.storyboard in Resources */ = {isa = PBXBuildFile; fileRef = DB2837121C84C77100694791 /* Main.storyboard */; };
		DB2837171C84C77100694791 /* ExerciciosTeste.xcdatamodeld in Sources */ = {isa = PBXBuildFile; fileRef = DB2837151C84C77100694791 /* ExerciciosTeste.xcdatamodeld */; };
		DB2837191C84C77100694791 /* Assets.xcassets in Resources */ = {isa = PBXBuildFile; fileRef = DB2837181C84C77100694791 /* Assets.xcassets */; };
		DB28371C1C84C77100694791 /* LaunchScreen.storyboard in Resources */ = {isa = PBXBuildFile; fileRef = DB28371A1C84C77100694791 /* LaunchScreen.storyboard */; };
		DB2837271C84C77100694791 /* ExerciciosTesteTests.swift in Sources */ = {isa = PBXBuildFile; fileRef = DB2837261C84C77100694791 /* ExerciciosTesteTests.swift */; };
		DB2837321C84C77100694791 /* ExerciciosTesteUITests.swift in Sources */ = {isa = PBXBuildFile; fileRef = DB2837311C84C77100694791 /* ExerciciosTesteUITests.swift */; };
		DB28375D1C85F4B900694791 /* ViewControllerUser.swift in Sources */ = {isa = PBXBuildFile; fileRef = DB28375C1C85F4B900694791 /* ViewControllerUser.swift */; };
		DB28375F1C85F4C600694791 /* ViewControllerPokemon.swift in Sources */ = {isa = PBXBuildFile; fileRef = DB28375E1C85F4C600694791 /* ViewControllerPokemon.swift */; };
		DB2837611C85F6FA00694791 /* CellPokemon.swift in Sources */ = {isa = PBXBuildFile; fileRef = DB2837601C85F6FA00694791 /* CellPokemon.swift */; };
		DB2837631C85F70800694791 /* CellSkill.swift in Sources */ = {isa = PBXBuildFile; fileRef = DB2837621C85F70800694791 /* CellSkill.swift */; };
		DB2837651C85F9C800694791 /* ConnectionManager.swift in Sources */ = {isa = PBXBuildFile; fileRef = DB2837641C85F9C800694791 /* ConnectionManager.swift */; };
		DB2837671C85FB5A00694791 /* ConnectionManagerTest.swift in Sources */ = {isa = PBXBuildFile; fileRef = DB2837661C85FB5A00694791 /* ConnectionManagerTest.swift */; };
		DB2837691C8751B000694791 /* UserViewUITests.swift in Sources */ = {isa = PBXBuildFile; fileRef = DB2837681C8751B000694791 /* UserViewUITests.swift */; };
		DBDA41521C88ACA800443B6D /* Alamofire.framework in Frameworks */ = {isa = PBXBuildFile; fileRef = DBDA41501C88AC8900443B6D /* Alamofire.framework */; };
/* End PBXBuildFile section */

/* Begin PBXContainerItemProxy section */
		DB2837231C84C77100694791 /* PBXContainerItemProxy */ = {
			isa = PBXContainerItemProxy;
			containerPortal = DB2837031C84C77100694791 /* Project object */;
			proxyType = 1;
			remoteGlobalIDString = DB28370A1C84C77100694791;
			remoteInfo = ExerciciosTeste;
		};
		DB28372E1C84C77100694791 /* PBXContainerItemProxy */ = {
			isa = PBXContainerItemProxy;
			containerPortal = DB2837031C84C77100694791 /* Project object */;
			proxyType = 1;
			remoteGlobalIDString = DB28370A1C84C77100694791;
			remoteInfo = ExerciciosTeste;
		};
/* End PBXContainerItemProxy section */

/* Begin PBXCopyFilesBuildPhase section */
		DB28375B1C84C7D300694791 /* Embed Frameworks */ = {
			isa = PBXCopyFilesBuildPhase;
			buildActionMask = 2147483647;
			dstPath = "";
			dstSubfolderSpec = 10;
			files = (
			);
			name = "Embed Frameworks";
			runOnlyForDeploymentPostprocessing = 0;
		};
/* End PBXCopyFilesBuildPhase section */

/* Begin PBXFileReference section */
		DB28370B1C84C77100694791 /* ExerciciosTeste.app */ = {isa = PBXFileReference; explicitFileType = wrapper.application; includeInIndex = 0; path = ExerciciosTeste.app; sourceTree = BUILT_PRODUCTS_DIR; };
		DB28370E1C84C77100694791 /* AppDelegate.swift */ = {isa = PBXFileReference; lastKnownFileType = sourcecode.swift; path = AppDelegate.swift; sourceTree = "<group>"; };
		DB2837101C84C77100694791 /* ViewController.swift */ = {isa = PBXFileReference; lastKnownFileType = sourcecode.swift; path = ViewController.swift; sourceTree = "<group>"; };
		DB2837131C84C77100694791 /* Base */ = {isa = PBXFileReference; lastKnownFileType = file.storyboard; name = Base; path = Base.lproj/Main.storyboard; sourceTree = "<group>"; };
		DB2837161C84C77100694791 /* ExerciciosTeste.xcdatamodel */ = {isa = PBXFileReference; lastKnownFileType = wrapper.xcdatamodel; path = ExerciciosTeste.xcdatamodel; sourceTree = "<group>"; };
		DB2837181C84C77100694791 /* Assets.xcassets */ = {isa = PBXFileReference; lastKnownFileType = folder.assetcatalog; path = Assets.xcassets; sourceTree = "<group>"; };
		DB28371B1C84C77100694791 /* Base */ = {isa = PBXFileReference; lastKnownFileType = file.storyboard; name = Base; path = Base.lproj/LaunchScreen.storyboard; sourceTree = "<group>"; };
		DB28371D1C84C77100694791 /* Info.plist */ = {isa = PBXFileReference; lastKnownFileType = text.plist.xml; path = Info.plist; sourceTree = "<group>"; };
		DB2837221C84C77100694791 /* ExerciciosTesteTests.xctest */ = {isa = PBXFileReference; explicitFileType = wrapper.cfbundle; includeInIndex = 0; path = ExerciciosTesteTests.xctest; sourceTree = BUILT_PRODUCTS_DIR; };
		DB2837261C84C77100694791 /* ExerciciosTesteTests.swift */ = {isa = PBXFileReference; lastKnownFileType = sourcecode.swift; path = ExerciciosTesteTests.swift; sourceTree = "<group>"; };
		DB2837281C84C77100694791 /* Info.plist */ = {isa = PBXFileReference; lastKnownFileType = text.plist.xml; path = Info.plist; sourceTree = "<group>"; };
		DB28372D1C84C77100694791 /* ExerciciosTesteUITests.xctest */ = {isa = PBXFileReference; explicitFileType = wrapper.cfbundle; includeInIndex = 0; path = ExerciciosTesteUITests.xctest; sourceTree = BUILT_PRODUCTS_DIR; };
		DB2837311C84C77100694791 /* ExerciciosTesteUITests.swift */ = {isa = PBXFileReference; lastKnownFileType = sourcecode.swift; path = ExerciciosTesteUITests.swift; sourceTree = "<group>"; };
		DB2837331C84C77100694791 /* Info.plist */ = {isa = PBXFileReference; lastKnownFileType = text.plist.xml; path = Info.plist; sourceTree = "<group>"; };
		DB28375C1C85F4B900694791 /* ViewControllerUser.swift */ = {isa = PBXFileReference; fileEncoding = 4; lastKnownFileType = sourcecode.swift; path = ViewControllerUser.swift; sourceTree = "<group>"; };
		DB28375E1C85F4C600694791 /* ViewControllerPokemon.swift */ = {isa = PBXFileReference; fileEncoding = 4; lastKnownFileType = sourcecode.swift; path = ViewControllerPokemon.swift; sourceTree = "<group>"; };
		DB2837601C85F6FA00694791 /* CellPokemon.swift */ = {isa = PBXFileReference; fileEncoding = 4; lastKnownFileType = sourcecode.swift; path = CellPokemon.swift; sourceTree = "<group>"; };
		DB2837621C85F70800694791 /* CellSkill.swift */ = {isa = PBXFileReference; fileEncoding = 4; lastKnownFileType = sourcecode.swift; path = CellSkill.swift; sourceTree = "<group>"; };
		DB2837641C85F9C800694791 /* ConnectionManager.swift */ = {isa = PBXFileReference; fileEncoding = 4; lastKnownFileType = sourcecode.swift; path = ConnectionManager.swift; sourceTree = "<group>"; };
		DB2837661C85FB5A00694791 /* ConnectionManagerTest.swift */ = {isa = PBXFileReference; fileEncoding = 4; lastKnownFileType = sourcecode.swift; path = ConnectionManagerTest.swift; sourceTree = "<group>"; };
		DB2837681C8751B000694791 /* UserViewUITests.swift */ = {isa = PBXFileReference; fileEncoding = 4; lastKnownFileType = sourcecode.swift; path = UserViewUITests.swift; sourceTree = "<group>"; };
		DBDA41501C88AC8900443B6D /* Alamofire.framework */ = {isa = PBXFileReference; lastKnownFileType = wrapper.framework; path = Alamofire.framework; sourceTree = "<group>"; };
/* End PBXFileReference section */

/* Begin PBXFrameworksBuildPhase section */
		DB2837081C84C77100694791 /* Frameworks */ = {
			isa = PBXFrameworksBuildPhase;
			buildActionMask = 2147483647;
			files = (
				DBDA41521C88ACA800443B6D /* Alamofire.framework in Frameworks */,
			);
			runOnlyForDeploymentPostprocessing = 0;
		};
		DB28371F1C84C77100694791 /* Frameworks */ = {
			isa = PBXFrameworksBuildPhase;
			buildActionMask = 2147483647;
			files = (
			);
			runOnlyForDeploymentPostprocessing = 0;
		};
		DB28372A1C84C77100694791 /* Frameworks */ = {
			isa = PBXFrameworksBuildPhase;
			buildActionMask = 2147483647;
			files = (
			);
			runOnlyForDeploymentPostprocessing = 0;
		};
/* End PBXFrameworksBuildPhase section */

/* Begin PBXGroup section */
		DB2837021C84C77100694791 = {
			isa = PBXGroup;
			children = (
				DB28370D1C84C77100694791 /* ExerciciosTeste */,
				DB2837251C84C77100694791 /* ExerciciosTesteTests */,
				DB2837301C84C77100694791 /* ExerciciosTesteUITests */,
				DB28370C1C84C77100694791 /* Products */,
			);
			sourceTree = "<group>";
		};
		DB28370C1C84C77100694791 /* Products */ = {
			isa = PBXGroup;
			children = (
				DB28370B1C84C77100694791 /* ExerciciosTeste.app */,
				DB2837221C84C77100694791 /* ExerciciosTesteTests.xctest */,
				DB28372D1C84C77100694791 /* ExerciciosTesteUITests.xctest */,
			);
			name = Products;
			sourceTree = "<group>";
		};
		DB28370D1C84C77100694791 /* ExerciciosTeste */ = {
			isa = PBXGroup;
			children = (
				DBDA414F1C88AC7B00443B6D /* Frameworks */,
				DB28370E1C84C77100694791 /* AppDelegate.swift */,
				DB2837101C84C77100694791 /* ViewController.swift */,
				DB2837121C84C77100694791 /* Main.storyboard */,
				DB2837181C84C77100694791 /* Assets.xcassets */,
				DB28371A1C84C77100694791 /* LaunchScreen.storyboard */,
				DB28371D1C84C77100694791 /* Info.plist */,
				DB2837151C84C77100694791 /* ExerciciosTeste.xcdatamodeld */,
				DB28375C1C85F4B900694791 /* ViewControllerUser.swift */,
				DB28375E1C85F4C600694791 /* ViewControllerPokemon.swift */,
				DB2837601C85F6FA00694791 /* CellPokemon.swift */,
				DB2837621C85F70800694791 /* CellSkill.swift */,
				DB2837641C85F9C800694791 /* ConnectionManager.swift */,
			);
			path = ExerciciosTeste;
			sourceTree = "<group>";
		};
		DB2837251C84C77100694791 /* ExerciciosTesteTests */ = {
			isa = PBXGroup;
			children = (
				DB2837261C84C77100694791 /* ExerciciosTesteTests.swift */,
				DB2837281C84C77100694791 /* Info.plist */,
				DB2837661C85FB5A00694791 /* ConnectionManagerTest.swift */,
			);
			path = ExerciciosTesteTests;
			sourceTree = "<group>";
		};
		DB2837301C84C77100694791 /* ExerciciosTesteUITests */ = {
			isa = PBXGroup;
			children = (
				DB2837311C84C77100694791 /* ExerciciosTesteUITests.swift */,
				DB2837331C84C77100694791 /* Info.plist */,
				DB2837681C8751B000694791 /* UserViewUITests.swift */,
			);
			path = ExerciciosTesteUITests;
			sourceTree = "<group>";
		};
		DBDA414F1C88AC7B00443B6D /* Frameworks */ = {
			isa = PBXGroup;
			children = (
				DBDA41501C88AC8900443B6D /* Alamofire.framework */,
			);
			name = Frameworks;
			sourceTree = "<group>";
		};
/* End PBXGroup section */

/* Begin PBXNativeTarget section */
		DB28370A1C84C77100694791 /* ExerciciosTeste */ = {
			isa = PBXNativeTarget;
			buildConfigurationList = DB2837361C84C77100694791 /* Build configuration list for PBXNativeTarget "ExerciciosTeste" */;
			buildPhases = (
				DB2837071C84C77100694791 /* Sources */,
				DB2837081C84C77100694791 /* Frameworks */,
				DB2837091C84C77100694791 /* Resources */,
				DB28375B1C84C7D300694791 /* Embed Frameworks */,
			);
			buildRules = (
			);
			dependencies = (
			);
			name = ExerciciosTeste;
			productName = ExerciciosTeste;
			productReference = DB28370B1C84C77100694791 /* ExerciciosTeste.app */;
			productType = "com.apple.product-type.application";
		};
		DB2837211C84C77100694791 /* ExerciciosTesteTests */ = {
			isa = PBXNativeTarget;
			buildConfigurationList = DB2837391C84C77100694791 /* Build configuration list for PBXNativeTarget "ExerciciosTesteTests" */;
			buildPhases = (
				DB28371E1C84C77100694791 /* Sources */,
				DB28371F1C84C77100694791 /* Frameworks */,
				DB2837201C84C77100694791 /* Resources */,
			);
			buildRules = (
			);
			dependencies = (
				DB2837241C84C77100694791 /* PBXTargetDependency */,
			);
			name = ExerciciosTesteTests;
			productName = ExerciciosTesteTests;
			productReference = DB2837221C84C77100694791 /* ExerciciosTesteTests.xctest */;
			productType = "com.apple.product-type.bundle.unit-test";
		};
		DB28372C1C84C77100694791 /* ExerciciosTesteUITests */ = {
			isa = PBXNativeTarget;
			buildConfigurationList = DB28373C1C84C77100694791 /* Build configuration list for PBXNativeTarget "ExerciciosTesteUITests" */;
			buildPhases = (
				DB2837291C84C77100694791 /* Sources */,
				DB28372A1C84C77100694791 /* Frameworks */,
				DB28372B1C84C77100694791 /* Resources */,
			);
			buildRules = (
			);
			dependencies = (
				DB28372F1C84C77100694791 /* PBXTargetDependency */,
			);
			name = ExerciciosTesteUITests;
			productName = ExerciciosTesteUITests;
			productReference = DB28372D1C84C77100694791 /* ExerciciosTesteUITests.xctest */;
			productType = "com.apple.product-type.bundle.ui-testing";
		};
/* End PBXNativeTarget section */

/* Begin PBXProject section */
		DB2837031C84C77100694791 /* Project object */ = {
			isa = PBXProject;
			attributes = {
				LastSwiftUpdateCheck = 0720;
				LastUpgradeCheck = 0720;
				ORGANIZATIONNAME = Giacomuzzi;
				TargetAttributes = {
					DB28370A1C84C77100694791 = {
						CreatedOnToolsVersion = 7.2.1;
						DevelopmentTeam = DVXNNDG4U4;
					};
					DB2837211C84C77100694791 = {
						CreatedOnToolsVersion = 7.2.1;
						DevelopmentTeam = DVXNNDG4U4;
						TestTargetID = DB28370A1C84C77100694791;
					};
					DB28372C1C84C77100694791 = {
						CreatedOnToolsVersion = 7.2.1;
						DevelopmentTeam = DVXNNDG4U4;
						TestTargetID = DB28370A1C84C77100694791;
					};
				};
			};
			buildConfigurationList = DB2837061C84C77100694791 /* Build configuration list for PBXProject "ExerciciosTeste" */;
			compatibilityVersion = "Xcode 3.2";
			developmentRegion = English;
			hasScannedForEncodings = 0;
			knownRegions = (
				en,
				Base,
			);
			mainGroup = DB2837021C84C77100694791;
			productRefGroup = DB28370C1C84C77100694791 /* Products */;
			projectDirPath = "";
			projectRoot = "";
			targets = (
				DB28370A1C84C77100694791 /* ExerciciosTeste */,
				DB2837211C84C77100694791 /* ExerciciosTesteTests */,
				DB28372C1C84C77100694791 /* ExerciciosTesteUITests */,
			);
		};
/* End PBXProject section */

/* Begin PBXResourcesBuildPhase section */
		DB2837091C84C77100694791 /* Resources */ = {
			isa = PBXResourcesBuildPhase;
			buildActionMask = 2147483647;
			files = (
				DB28371C1C84C77100694791 /* LaunchScreen.storyboard in Resources */,
				DB2837191C84C77100694791 /* Assets.xcassets in Resources */,
				DB2837141C84C77100694791 /* Main.storyboard in Resources */,
			);
			runOnlyForDeploymentPostprocessing = 0;
		};
		DB2837201C84C77100694791 /* Resources */ = {
			isa = PBXResourcesBuildPhase;
			buildActionMask = 2147483647;
			files = (
			);
			runOnlyForDeploymentPostprocessing = 0;
		};
		DB28372B1C84C77100694791 /* Resources */ = {
			isa = PBXResourcesBuildPhase;
			buildActionMask = 2147483647;
			files = (
			);
			runOnlyForDeploymentPostprocessing = 0;
		};
/* End PBXResourcesBuildPhase section */

/* Begin PBXSourcesBuildPhase section */
		DB2837071C84C77100694791 /* Sources */ = {
			isa = PBXSourcesBuildPhase;
			buildActionMask = 2147483647;
			files = (
				DB28375F1C85F4C600694791 /* ViewControllerPokemon.swift in Sources */,
				DB2837631C85F70800694791 /* CellSkill.swift in Sources */,
				DB2837611C85F6FA00694791 /* CellPokemon.swift in Sources */,
				DB2837111C84C77100694791 /* ViewController.swift in Sources */,
				DB28375D1C85F4B900694791 /* ViewControllerUser.swift in Sources */,
				DB2837651C85F9C800694791 /* ConnectionManager.swift in Sources */,
				DB2837171C84C77100694791 /* ExerciciosTeste.xcdatamodeld in Sources */,
				DB28370F1C84C77100694791 /* AppDelegate.swift in Sources */,
			);
			runOnlyForDeploymentPostprocessing = 0;
		};
		DB28371E1C84C77100694791 /* Sources */ = {
			isa = PBXSourcesBuildPhase;
			buildActionMask = 2147483647;
			files = (
				DB2837271C84C77100694791 /* ExerciciosTesteTests.swift in Sources */,
				DB2837671C85FB5A00694791 /* ConnectionManagerTest.swift in Sources */,
			);
			runOnlyForDeploymentPostprocessing = 0;
		};
		DB2837291C84C77100694791 /* Sources */ = {
			isa = PBXSourcesBuildPhase;
			buildActionMask = 2147483647;
			files = (
				DB2837321C84C77100694791 /* ExerciciosTesteUITests.swift in Sources */,
				DB2837691C8751B000694791 /* UserViewUITests.swift in Sources */,
			);
			runOnlyForDeploymentPostprocessing = 0;
		};
/* End PBXSourcesBuildPhase section */

/* Begin PBXTargetDependency section */
		DB2837241C84C77100694791 /* PBXTargetDependency */ = {
			isa = PBXTargetDependency;
			target = DB28370A1C84C77100694791 /* ExerciciosTeste */;
			targetProxy = DB2837231C84C77100694791 /* PBXContainerItemProxy */;
		};
		DB28372F1C84C77100694791 /* PBXTargetDependency */ = {
			isa = PBXTargetDependency;
			target = DB28370A1C84C77100694791 /* ExerciciosTeste */;
			targetProxy = DB28372E1C84C77100694791 /* PBXContainerItemProxy */;
		};
/* End PBXTargetDependency section */

/* Begin PBXVariantGroup section */
		DB2837121C84C77100694791 /* Main.storyboard */ = {
			isa = PBXVariantGroup;
			children = (
				DB2837131C84C77100694791 /* Base */,
			);
			name = Main.storyboard;
			sourceTree = "<group>";
		};
		DB28371A1C84C77100694791 /* LaunchScreen.storyboard */ = {
			isa = PBXVariantGroup;
			children = (
				DB28371B1C84C77100694791 /* Base */,
			);
			name = LaunchScreen.storyboard;
			sourceTree = "<group>";
		};
/* End PBXVariantGroup section */

/* Begin XCBuildConfiguration section */
		DB2837341C84C77100694791 /* Debug */ = {
			isa = XCBuildConfiguration;
			buildSettings = {
				ALWAYS_SEARCH_USER_PATHS = NO;
				CLANG_CXX_LANGUAGE_STANDARD = "gnu++0x";
				CLANG_CXX_LIBRARY = "libc++";
				CLANG_ENABLE_MODULES = YES;
				CLANG_ENABLE_OBJC_ARC = YES;
				CLANG_WARN_BOOL_CONVERSION = YES;
				CLANG_WARN_CONSTANT_CONVERSION = YES;
				CLANG_WARN_DIRECT_OBJC_ISA_USAGE = YES_ERROR;
				CLANG_WARN_EMPTY_BODY = YES;
				CLANG_WARN_ENUM_CONVERSION = YES;
				CLANG_WARN_INT_CONVERSION = YES;
				CLANG_WARN_OBJC_ROOT_CLASS = YES_ERROR;
				CLANG_WARN_UNREACHABLE_CODE = YES;
				CLANG_WARN__DUPLICATE_METHOD_MATCH = YES;
				"CODE_SIGN_IDENTITY[sdk=iphoneos*]" = "iPhone Developer";
				COPY_PHASE_STRIP = NO;
				DEBUG_INFORMATION_FORMAT = dwarf;
				ENABLE_STRICT_OBJC_MSGSEND = YES;
				ENABLE_TESTABILITY = YES;
				GCC_C_LANGUAGE_STANDARD = gnu99;
				GCC_DYNAMIC_NO_PIC = NO;
				GCC_NO_COMMON_BLOCKS = YES;
				GCC_OPTIMIZATION_LEVEL = 0;
				GCC_PREPROCESSOR_DEFINITIONS = (
					"DEBUG=1",
					"$(inherited)",
				);
				GCC_WARN_64_TO_32_BIT_CONVERSION = YES;
				GCC_WARN_ABOUT_RETURN_TYPE = YES_ERROR;
				GCC_WARN_UNDECLARED_SELECTOR = YES;
				GCC_WARN_UNINITIALIZED_AUTOS = YES_AGGRESSIVE;
				GCC_WARN_UNUSED_FUNCTION = YES;
				GCC_WARN_UNUSED_VARIABLE = YES;
				IPHONEOS_DEPLOYMENT_TARGET = 9.2;
				MTL_ENABLE_DEBUG_INFO = YES;
				ONLY_ACTIVE_ARCH = YES;
				SDKROOT = iphoneos;
				SWIFT_OPTIMIZATION_LEVEL = "-Onone";
			};
			name = Debug;
		};
		DB2837351C84C77100694791 /* Release */ = {
			isa = XCBuildConfiguration;
			buildSettings = {
				ALWAYS_SEARCH_USER_PATHS = NO;
				CLANG_CXX_LANGUAGE_STANDARD = "gnu++0x";
				CLANG_CXX_LIBRARY = "libc++";
				CLANG_ENABLE_MODULES = YES;
				CLANG_ENABLE_OBJC_ARC = YES;
				CLANG_WARN_BOOL_CONVERSION = YES;
				CLANG_WARN_CONSTANT_CONVERSION = YES;
				CLANG_WARN_DIRECT_OBJC_ISA_USAGE = YES_ERROR;
				CLANG_WARN_EMPTY_BODY = YES;
				CLANG_WARN_ENUM_CONVERSION = YES;
				CLANG_WARN_INT_CONVERSION = YES;
				CLANG_WARN_OBJC_ROOT_CLASS = YES_ERROR;
				CLANG_WARN_UNREACHABLE_CODE = YES;
				CLANG_WARN__DUPLICATE_METHOD_MATCH = YES;
				"CODE_SIGN_IDENTITY[sdk=iphoneos*]" = "iPhone Developer";
				COPY_PHASE_STRIP = NO;
				DEBUG_INFORMATION_FORMAT = "dwarf-with-dsym";
				ENABLE_NS_ASSERTIONS = NO;
				ENABLE_STRICT_OBJC_MSGSEND = YES;
				GCC_C_LANGUAGE_STANDARD = gnu99;
				GCC_NO_COMMON_BLOCKS = YES;
				GCC_WARN_64_TO_32_BIT_CONVERSION = YES;
				GCC_WARN_ABOUT_RETURN_TYPE = YES_ERROR;
				GCC_WARN_UNDECLARED_SELECTOR = YES;
				GCC_WARN_UNINITIALIZED_AUTOS = YES_AGGRESSIVE;
				GCC_WARN_UNUSED_FUNCTION = YES;
				GCC_WARN_UNUSED_VARIABLE = YES;
				IPHONEOS_DEPLOYMENT_TARGET = 9.2;
				MTL_ENABLE_DEBUG_INFO = NO;
				SDKROOT = iphoneos;
				VALIDATE_PRODUCT = YES;
			};
			name = Release;
		};
		DB2837371C84C77100694791 /* Debug */ = {
			isa = XCBuildConfiguration;
			buildSettings = {
				ASSETCATALOG_COMPILER_APPICON_NAME = AppIcon;
				EMBEDDED_CONTENT_CONTAINS_SWIFT = YES;
				FRAMEWORK_SEARCH_PATHS = (
					"$(inherited)",
					"$(PROJECT_DIR)/ExerciciosTeste",
				);
				INFOPLIST_FILE = ExerciciosTeste/Info.plist;
				LD_RUNPATH_SEARCH_PATHS = "$(inherited) @executable_path/Frameworks";
				PRODUCT_BUNDLE_IDENTIFIER = com.giacomuzzi.ExerciciosTeste;
				PRODUCT_NAME = "$(TARGET_NAME)";
			};
			name = Debug;
		};
		DB2837381C84C77100694791 /* Release */ = {
			isa = XCBuildConfiguration;
			buildSettings = {
				ASSETCATALOG_COMPILER_APPICON_NAME = AppIcon;
				EMBEDDED_CONTENT_CONTAINS_SWIFT = YES;
				FRAMEWORK_SEARCH_PATHS = (
					"$(inherited)",
					"$(PROJECT_DIR)/ExerciciosTeste",
				);
				INFOPLIST_FILE = ExerciciosTeste/Info.plist;
				LD_RUNPATH_SEARCH_PATHS = "$(inherited) @executable_path/Frameworks";
				PRODUCT_BUNDLE_IDENTIFIER = com.giacomuzzi.ExerciciosTeste;
				PRODUCT_NAME = "$(TARGET_NAME)";
			};
			name = Release;
		};
		DB28373A1C84C77100694791 /* Debug */ = {
			isa = XCBuildConfiguration;
			buildSettings = {
				BUNDLE_LOADER = "$(TEST_HOST)";
				INFOPLIST_FILE = ExerciciosTesteTests/Info.plist;
				LD_RUNPATH_SEARCH_PATHS = "$(inherited) @executable_path/Frameworks @loader_path/Frameworks";
				PRODUCT_BUNDLE_IDENTIFIER = com.giacomuzzi.ExerciciosTesteTests;
				PRODUCT_NAME = "$(TARGET_NAME)";
				TEST_HOST = "$(BUILT_PRODUCTS_DIR)/ExerciciosTeste.app/ExerciciosTeste";
			};
			name = Debug;
		};
		DB28373B1C84C77100694791 /* Release */ = {
			isa = XCBuildConfiguration;
			buildSettings = {
				BUNDLE_LOADER = "$(TEST_HOST)";
				INFOPLIST_FILE = ExerciciosTesteTests/Info.plist;
				LD_RUNPATH_SEARCH_PATHS = "$(inherited) @executable_path/Frameworks @loader_path/Frameworks";
				PRODUCT_BUNDLE_IDENTIFIER = com.giacomuzzi.ExerciciosTesteTests;
				PRODUCT_NAME = "$(TARGET_NAME)";
				TEST_HOST = "$(BUILT_PRODUCTS_DIR)/ExerciciosTeste.app/ExerciciosTeste";
			};
			name = Release;
		};
		DB28373D1C84C77100694791 /* Debug */ = {
			isa = XCBuildConfiguration;
			buildSettings = {
				INFOPLIST_FILE = ExerciciosTesteUITests/Info.plist;
				LD_RUNPATH_SEARCH_PATHS = "$(inherited) @executable_path/Frameworks @loader_path/Frameworks";
				PRODUCT_BUNDLE_IDENTIFIER = com.giacomuzzi.ExerciciosTesteUITests;
				PRODUCT_NAME = "$(TARGET_NAME)";
				TEST_TARGET_NAME = ExerciciosTeste;
				USES_XCTRUNNER = YES;
			};
			name = Debug;
		};
		DB28373E1C84C77100694791 /* Release */ = {
			isa = XCBuildConfiguration;
			buildSettings = {
				INFOPLIST_FILE = ExerciciosTesteUITests/Info.plist;
				LD_RUNPATH_SEARCH_PATHS = "$(inherited) @executable_path/Frameworks @loader_path/Frameworks";
				PRODUCT_BUNDLE_IDENTIFIER = com.giacomuzzi.ExerciciosTesteUITests;
				PRODUCT_NAME = "$(TARGET_NAME)";
				TEST_TARGET_NAME = ExerciciosTeste;
				USES_XCTRUNNER = YES;
			};
			name = Release;
		};
/* End XCBuildConfiguration section */

/* Begin XCConfigurationList section */
		DB2837061C84C77100694791 /* Build configuration list for PBXProject "ExerciciosTeste" */ = {
			isa = XCConfigurationList;
			buildConfigurations = (
				DB2837341C84C77100694791 /* Debug */,
				DB2837351C84C77100694791 /* Release */,
			);
			defaultConfigurationIsVisible = 0;
			defaultConfigurationName = Release;
		};
		DB2837361C84C77100694791 /* Build configuration list for PBXNativeTarget "ExerciciosTeste" */ = {
			isa = XCConfigurationList;
			buildConfigurations = (
				DB2837371C84C77100694791 /* Debug */,
				DB2837381C84C77100694791 /* Release */,
			);
			defaultConfigurationIsVisible = 0;
			defaultConfigurationName = Release;
		};
		DB2837391C84C77100694791 /* Build configuration list for PBXNativeTarget "ExerciciosTesteTests" */ = {
			isa = XCConfigurationList;
			buildConfigurations = (
				DB28373A1C84C77100694791 /* Debug */,
				DB28373B1C84C77100694791 /* Release */,
			);
			defaultConfigurationIsVisible = 0;
			defaultConfigurationName = Release;
		};
		DB28373C1C84C77100694791 /* Build configuration list for PBXNativeTarget "ExerciciosTesteUITests" */ = {
			isa = XCConfigurationList;
			buildConfigurations = (
				DB28373D1C84C77100694791 /* Debug */,
				DB28373E1C84C77100694791 /* Release */,
			);
			defaultConfigurationIsVisible = 0;
			defaultConfigurationName = Release;
		};
/* End XCConfigurationList section */

/* Begin XCVersionGroup section */
		DB2837151C84C77100694791 /* ExerciciosTeste.xcdatamodeld */ = {
			isa = XCVersionGroup;
			children = (
				DB2837161C84C77100694791 /* ExerciciosTeste.xcdatamodel */,
			);
			currentVersion = DB2837161C84C77100694791 /* ExerciciosTeste.xcdatamodel */;
			path = ExerciciosTeste.xcdatamodeld;
			sourceTree = "<group>";
			versionGroupType = wrapper.xcdatamodel;
		};
/* End XCVersionGroup section */
	};
	rootObject = DB2837031C84C77100694791 /* Project object */;
}
